{
    "_readme": [
        "This file locks the dependencies of your project to a known state",
        "Read more about it at https://getcomposer.org/doc/01-basic-usage.md#installing-dependencies",
        "This file is @generated automatically"
    ],
    "content-hash": "13db96672e77836157f74c92d6995701",
    "packages": [
        {
            "name": "phlak/semver",
            "version": "3.2.0",
            "source": {
                "type": "git",
                "url": "https://github.com/PHLAK/SemVer.git",
                "reference": "2167230f819d43d565194e2e91d69a1fa110c3df"
            },
            "dist": {
                "type": "zip",
                "url": "https://api.github.com/repos/PHLAK/SemVer/zipball/2167230f819d43d565194e2e91d69a1fa110c3df",
                "reference": "2167230f819d43d565194e2e91d69a1fa110c3df",
                "shasum": ""
            },
            "require": {
                "php": ">=7.1"
            },
            "require-dev": {
                "friendsofphp/php-cs-fixer": "^2.16.1",
                "phpunit/phpunit": "^7.0 || ^8.0 || ^9.0",
                "psy/psysh": "^0.10",
                "vimeo/psalm": "^3.7"
            },
            "type": "library",
            "autoload": {
                "psr-4": {
                    "PHLAK\\SemVer\\": "src/"
                },
                "files": [
                    "src/Support/helpers.php"
                ]
            },
            "notification-url": "https://packagist.org/downloads/",
            "license": [
                "MIT"
            ],
            "authors": [
                {
                    "name": "Chris Kankiewicz",
                    "email": "Chris@ChrisKankiewicz.com"
                }
            ],
            "description": "Semantic versioning helper library",
            "funding": [
                {
                    "url": "https://github.com/sponsors/PHLAK",
                    "type": "github"
                },
                {
                    "url": "https://paypal.me/ChrisKankiewicz",
                    "type": "paypal"
                }
            ],
            "time": "2020-04-10T17:31:42+00:00"
        }
    ],
    "packages-dev": [],
    "aliases": [],
    "minimum-stability": "stable",
    "stability-flags": [],
    "prefer-stable": false,
    "prefer-lowest": false,
    "platform": {
        "composer-plugin-api": "^1.1"
    },
    "platform-dev": [],
    "plugin-api-version": "1.1.0"
}
